// !$*UTF8*$!
{
	archiveVersion = 1;
	classes = {
	};
	objectVersion = 56;
	objects = {

/* Begin PBXBuildFile section */
		4C33FF2E2A75A2640002E765 /* UIColor+ext.swift in Sources */ = {isa = PBXBuildFile; fileRef = 4C33FF2D2A75A2640002E765 /* UIColor+ext.swift */; };
		4C33FF332A75A3F40002E765 /* DS.swift in Sources */ = {isa = PBXBuildFile; fileRef = 4C33FF322A75A3F40002E765 /* DS.swift */; };
		4C33FF352A75A4550002E765 /* DS+Colors.swift in Sources */ = {isa = PBXBuildFile; fileRef = 4C33FF342A75A4550002E765 /* DS+Colors.swift */; };
		4C3862A42A758819005C9C3B /* AppDelegate.swift in Sources */ = {isa = PBXBuildFile; fileRef = 4C3862A32A758819005C9C3B /* AppDelegate.swift */; };
		4C3862A62A758819005C9C3B /* SceneDelegate.swift in Sources */ = {isa = PBXBuildFile; fileRef = 4C3862A52A758819005C9C3B /* SceneDelegate.swift */; };
		4C3862A82A758819005C9C3B /* HomeViewController.swift in Sources */ = {isa = PBXBuildFile; fileRef = 4C3862A72A758819005C9C3B /* HomeViewController.swift */; };
		4C3862AD2A75881C005C9C3B /* Assets.xcassets in Resources */ = {isa = PBXBuildFile; fileRef = 4C3862AC2A75881C005C9C3B /* Assets.xcassets */; };
		4C3862B02A75881C005C9C3B /* LaunchScreen.storyboard in Resources */ = {isa = PBXBuildFile; fileRef = 4C3862AE2A75881C005C9C3B /* LaunchScreen.storyboard */; };
		E52F1B582C2E2F49008019AD /* String+Formatter.swift in Sources */ = {isa = PBXBuildFile; fileRef = E52F1B572C2E2F49008019AD /* String+Formatter.swift */; };
		E52F1B5A2C307AF4008019AD /* Calculator.swift in Sources */ = {isa = PBXBuildFile; fileRef = E52F1B592C307AF4008019AD /* Calculator.swift */; };
		E52F1B5C2C321BB2008019AD /* ResultModel .swift in Sources */ = {isa = PBXBuildFile; fileRef = E52F1B5B2C321BB2008019AD /* ResultModel .swift */; };
		E52F1B5E2C34C016008019AD /* Label+Style.swift in Sources */ = {isa = PBXBuildFile; fileRef = E52F1B5D2C34C016008019AD /* Label+Style.swift */; };
		E538FDE92C39A3BA00E7E4B8 /* StubTributeModel.swift in Sources */ = {isa = PBXBuildFile; fileRef = E538FDE82C39A3BA00E7E4B8 /* StubTributeModel.swift */; };
		E538FDED2C39A63300E7E4B8 /* TestCalculator.swift in Sources */ = {isa = PBXBuildFile; fileRef = E538FDEC2C39A63300E7E4B8 /* TestCalculator.swift */; };
		E55781422B25FECB00CAA623 /* String+Attributed.swift in Sources */ = {isa = PBXBuildFile; fileRef = E55781412B25FECB00CAA623 /* String+Attributed.swift */; };
		E57C1F1C2C361CA800E24C41 /* StringFormatterTests.swift in Sources */ = {isa = PBXBuildFile; fileRef = E57C1F1B2C361CA800E24C41 /* StringFormatterTests.swift */; };
		E57C1F272C38B7D500E24C41 /* TestINSSModel.swift in Sources */ = {isa = PBXBuildFile; fileRef = E57C1F262C38B7D500E24C41 /* TestINSSModel.swift */; };
		E57C1F292C38CA4600E24C41 /* TestIRRFModel.swift in Sources */ = {isa = PBXBuildFile; fileRef = E57C1F282C38CA4600E24C41 /* TestIRRFModel.swift */; };
		E59376642C22378B0037894B /* ResultViewModel.swift in Sources */ = {isa = PBXBuildFile; fileRef = E59376632C22378B0037894B /* ResultViewModel.swift */; };
		E5BB92FD2C1F0FE9009D3C54 /* ContainerResultView.swift in Sources */ = {isa = PBXBuildFile; fileRef = E5BB92FC2C1F0FE9009D3C54 /* ContainerResultView.swift */; };
		E5D277072C1CF90B00F9FB47 /* INSSModel.swift in Sources */ = {isa = PBXBuildFile; fileRef = E5D277062C1CF90B00F9FB47 /* INSSModel.swift */; };
		E5D277092C1CF95F00F9FB47 /* IRRFModel.swift in Sources */ = {isa = PBXBuildFile; fileRef = E5D277082C1CF95F00F9FB47 /* IRRFModel.swift */; };
		E5D277122C1CFD6700F9FB47 /* Tribute.swift in Sources */ = {isa = PBXBuildFile; fileRef = E5D277112C1CFD6700F9FB47 /* Tribute.swift */; };
		E5D5CDE62C17BE560065909A /* CustomTextField.swift in Sources */ = {isa = PBXBuildFile; fileRef = E5D5CDE52C17BE560065909A /* CustomTextField.swift */; };
		E5D5CDEA2C17BF0D0065909A /* ViewConfig.swift in Sources */ = {isa = PBXBuildFile; fileRef = E5D5CDE92C17BF0D0065909A /* ViewConfig.swift */; };
		E5DE6AC52C3B603E00804EDF /* TestResultViewModel.swift in Sources */ = {isa = PBXBuildFile; fileRef = E5DE6AC42C3B603E00804EDF /* TestResultViewModel.swift */; };
		E5DE6AD02C3B649B00804EDF /* SpyResultViewModelDelegate.swift in Sources */ = {isa = PBXBuildFile; fileRef = E5DE6ACF2C3B649B00804EDF /* SpyResultViewModelDelegate.swift */; };
		E5DE6AD32C3CC4A700804EDF /* TestHomeViewModel.swift in Sources */ = {isa = PBXBuildFile; fileRef = E5DE6AD22C3CC4A700804EDF /* TestHomeViewModel.swift */; };
		E5DE6AD52C3CC53700804EDF /* DummyCalculator.swift in Sources */ = {isa = PBXBuildFile; fileRef = E5DE6AD42C3CC53700804EDF /* DummyCalculator.swift */; };
		E5DE6ADB2C3DF88100804EDF /* SpyHomeViewModel.swift in Sources */ = {isa = PBXBuildFile; fileRef = E5DE6ADA2C3DF88100804EDF /* SpyHomeViewModel.swift */; };
		E5DE6ADD2C3DFDEE00804EDF /* SpyHomeViewModelDelegate.swift in Sources */ = {isa = PBXBuildFile; fileRef = E5DE6ADC2C3DFDEE00804EDF /* SpyHomeViewModelDelegate.swift */; };
		E5DE6AE02C3E006000804EDF /* SpyCalculator.swift in Sources */ = {isa = PBXBuildFile; fileRef = E5DE6ADF2C3E006000804EDF /* SpyCalculator.swift */; };
		E5ED20CD2B1E821A00C5296D /* HomeView.swift in Sources */ = {isa = PBXBuildFile; fileRef = E5ED20CC2B1E821A00C5296D /* HomeView.swift */; };
		E5ED20CF2B1EB17E00C5296D /* ResultViewController.swift in Sources */ = {isa = PBXBuildFile; fileRef = E5ED20CE2B1EB17E00C5296D /* ResultViewController.swift */; };
		E5ED20D42B1EB57100C5296D /* HomeViewModel.swift in Sources */ = {isa = PBXBuildFile; fileRef = E5ED20D32B1EB57100C5296D /* HomeViewModel.swift */; };
		E5ED20D62B20062E00C5296D /* ResultView.swift in Sources */ = {isa = PBXBuildFile; fileRef = E5ED20D52B20062E00C5296D /* ResultView.swift */; };
		E5FB57B32C472708005AB15C /* InlineSnapshotTesting in Frameworks */ = {isa = PBXBuildFile; productRef = E5FB57B22C472708005AB15C /* InlineSnapshotTesting */; };
		E5FB57B52C472708005AB15C /* SnapshotTesting in Frameworks */ = {isa = PBXBuildFile; productRef = E5FB57B42C472708005AB15C /* SnapshotTesting */; };
		E5FB57B92C47278C005AB15C /* TestHomeViewController.swift in Sources */ = {isa = PBXBuildFile; fileRef = E5FB57B82C47278C005AB15C /* TestHomeViewController.swift */; };
		E5FB57C02C473B79005AB15C /* TestResultViewController.swift in Sources */ = {isa = PBXBuildFile; fileRef = E5FB57BF2C473B79005AB15C /* TestResultViewController.swift */; };
		E5FB57C22C473C9D005AB15C /* DummyResultViewModel.swift in Sources */ = {isa = PBXBuildFile; fileRef = E5FB57C12C473C9D005AB15C /* DummyResultViewModel.swift */; };
/* End PBXBuildFile section */

/* Begin PBXContainerItemProxy section */
		E57C1F1D2C361CA800E24C41 /* PBXContainerItemProxy */ = {
			isa = PBXContainerItemProxy;
			containerPortal = 4C3862982A758819005C9C3B /* Project object */;
			proxyType = 1;
			remoteGlobalIDString = 4C38629F2A758819005C9C3B;
			remoteInfo = "DevPoliChallenge-Holerite";
		};
/* End PBXContainerItemProxy section */

/* Begin PBXFileReference section */
		4C33FF2D2A75A2640002E765 /* UIColor+ext.swift */ = {isa = PBXFileReference; lastKnownFileType = sourcecode.swift; path = "UIColor+ext.swift"; sourceTree = "<group>"; };
		4C33FF322A75A3F40002E765 /* DS.swift */ = {isa = PBXFileReference; lastKnownFileType = sourcecode.swift; path = DS.swift; sourceTree = "<group>"; };
		4C33FF342A75A4550002E765 /* DS+Colors.swift */ = {isa = PBXFileReference; lastKnownFileType = sourcecode.swift; path = "DS+Colors.swift"; sourceTree = "<group>"; };
		4C33FF452A760A030002E765 /* Material */ = {isa = PBXFileReference; lastKnownFileType = folder; path = Material; sourceTree = "<group>"; };
		4C3862A02A758819005C9C3B /* DevPoliChallenge-Holerite.app */ = {isa = PBXFileReference; explicitFileType = wrapper.application; includeInIndex = 0; path = "DevPoliChallenge-Holerite.app"; sourceTree = BUILT_PRODUCTS_DIR; };
		4C3862A32A758819005C9C3B /* AppDelegate.swift */ = {isa = PBXFileReference; lastKnownFileType = sourcecode.swift; path = AppDelegate.swift; sourceTree = "<group>"; };
		4C3862A52A758819005C9C3B /* SceneDelegate.swift */ = {isa = PBXFileReference; lastKnownFileType = sourcecode.swift; path = SceneDelegate.swift; sourceTree = "<group>"; };
		4C3862A72A758819005C9C3B /* HomeViewController.swift */ = {isa = PBXFileReference; lastKnownFileType = sourcecode.swift; path = HomeViewController.swift; sourceTree = "<group>"; };
		4C3862AC2A75881C005C9C3B /* Assets.xcassets */ = {isa = PBXFileReference; lastKnownFileType = folder.assetcatalog; path = Assets.xcassets; sourceTree = "<group>"; };
		4C3862AF2A75881C005C9C3B /* Base */ = {isa = PBXFileReference; lastKnownFileType = file.storyboard; name = Base; path = Base.lproj/LaunchScreen.storyboard; sourceTree = "<group>"; };
		4C3862B12A75881C005C9C3B /* Info.plist */ = {isa = PBXFileReference; lastKnownFileType = text.plist.xml; path = Info.plist; sourceTree = "<group>"; };
		E52F1B572C2E2F49008019AD /* String+Formatter.swift */ = {isa = PBXFileReference; lastKnownFileType = sourcecode.swift; path = "String+Formatter.swift"; sourceTree = "<group>"; };
		E52F1B592C307AF4008019AD /* Calculator.swift */ = {isa = PBXFileReference; lastKnownFileType = sourcecode.swift; path = Calculator.swift; sourceTree = "<group>"; };
		E52F1B5B2C321BB2008019AD /* ResultModel .swift */ = {isa = PBXFileReference; lastKnownFileType = sourcecode.swift; path = "ResultModel .swift"; sourceTree = "<group>"; };
		E52F1B5D2C34C016008019AD /* Label+Style.swift */ = {isa = PBXFileReference; lastKnownFileType = sourcecode.swift; path = "Label+Style.swift"; sourceTree = "<group>"; };
		E538FDE82C39A3BA00E7E4B8 /* StubTributeModel.swift */ = {isa = PBXFileReference; lastKnownFileType = sourcecode.swift; path = StubTributeModel.swift; sourceTree = "<group>"; };
		E538FDEC2C39A63300E7E4B8 /* TestCalculator.swift */ = {isa = PBXFileReference; lastKnownFileType = sourcecode.swift; path = TestCalculator.swift; sourceTree = "<group>"; };
		E55781412B25FECB00CAA623 /* String+Attributed.swift */ = {isa = PBXFileReference; lastKnownFileType = sourcecode.swift; path = "String+Attributed.swift"; sourceTree = "<group>"; };
		E57C1F192C361CA800E24C41 /* DevPoliChallenge-HoleriteTests.xctest */ = {isa = PBXFileReference; explicitFileType = wrapper.cfbundle; includeInIndex = 0; path = "DevPoliChallenge-HoleriteTests.xctest"; sourceTree = BUILT_PRODUCTS_DIR; };
		E57C1F1B2C361CA800E24C41 /* StringFormatterTests.swift */ = {isa = PBXFileReference; lastKnownFileType = sourcecode.swift; path = StringFormatterTests.swift; sourceTree = "<group>"; };
		E57C1F262C38B7D500E24C41 /* TestINSSModel.swift */ = {isa = PBXFileReference; lastKnownFileType = sourcecode.swift; path = TestINSSModel.swift; sourceTree = "<group>"; };
		E57C1F282C38CA4600E24C41 /* TestIRRFModel.swift */ = {isa = PBXFileReference; lastKnownFileType = sourcecode.swift; path = TestIRRFModel.swift; sourceTree = "<group>"; };
		E59376632C22378B0037894B /* ResultViewModel.swift */ = {isa = PBXFileReference; lastKnownFileType = sourcecode.swift; path = ResultViewModel.swift; sourceTree = "<group>"; };
		E5BB92FC2C1F0FE9009D3C54 /* ContainerResultView.swift */ = {isa = PBXFileReference; lastKnownFileType = sourcecode.swift; path = ContainerResultView.swift; sourceTree = "<group>"; };
		E5D277062C1CF90B00F9FB47 /* INSSModel.swift */ = {isa = PBXFileReference; lastKnownFileType = sourcecode.swift; path = INSSModel.swift; sourceTree = "<group>"; };
		E5D277082C1CF95F00F9FB47 /* IRRFModel.swift */ = {isa = PBXFileReference; lastKnownFileType = sourcecode.swift; path = IRRFModel.swift; sourceTree = "<group>"; };
		E5D277112C1CFD6700F9FB47 /* Tribute.swift */ = {isa = PBXFileReference; lastKnownFileType = sourcecode.swift; path = Tribute.swift; sourceTree = "<group>"; };
		E5D5CDE52C17BE560065909A /* CustomTextField.swift */ = {isa = PBXFileReference; lastKnownFileType = sourcecode.swift; path = CustomTextField.swift; sourceTree = "<group>"; };
		E5D5CDE92C17BF0D0065909A /* ViewConfig.swift */ = {isa = PBXFileReference; lastKnownFileType = sourcecode.swift; path = ViewConfig.swift; sourceTree = "<group>"; };
		E5DE6AC42C3B603E00804EDF /* TestResultViewModel.swift */ = {isa = PBXFileReference; lastKnownFileType = sourcecode.swift; path = TestResultViewModel.swift; sourceTree = "<group>"; };
		E5DE6ACF2C3B649B00804EDF /* SpyResultViewModelDelegate.swift */ = {isa = PBXFileReference; lastKnownFileType = sourcecode.swift; path = SpyResultViewModelDelegate.swift; sourceTree = "<group>"; };
		E5DE6AD22C3CC4A700804EDF /* TestHomeViewModel.swift */ = {isa = PBXFileReference; lastKnownFileType = sourcecode.swift; path = TestHomeViewModel.swift; sourceTree = "<group>"; };
		E5DE6AD42C3CC53700804EDF /* DummyCalculator.swift */ = {isa = PBXFileReference; lastKnownFileType = sourcecode.swift; path = DummyCalculator.swift; sourceTree = "<group>"; };
		E5DE6ADA2C3DF88100804EDF /* SpyHomeViewModel.swift */ = {isa = PBXFileReference; lastKnownFileType = sourcecode.swift; path = SpyHomeViewModel.swift; sourceTree = "<group>"; };
		E5DE6ADC2C3DFDEE00804EDF /* SpyHomeViewModelDelegate.swift */ = {isa = PBXFileReference; lastKnownFileType = sourcecode.swift; path = SpyHomeViewModelDelegate.swift; sourceTree = "<group>"; };
		E5DE6ADF2C3E006000804EDF /* SpyCalculator.swift */ = {isa = PBXFileReference; lastKnownFileType = sourcecode.swift; path = SpyCalculator.swift; sourceTree = "<group>"; };
		E5ED20CC2B1E821A00C5296D /* HomeView.swift */ = {isa = PBXFileReference; lastKnownFileType = sourcecode.swift; path = HomeView.swift; sourceTree = "<group>"; };
		E5ED20CE2B1EB17E00C5296D /* ResultViewController.swift */ = {isa = PBXFileReference; lastKnownFileType = sourcecode.swift; path = ResultViewController.swift; sourceTree = "<group>"; };
		E5ED20D32B1EB57100C5296D /* HomeViewModel.swift */ = {isa = PBXFileReference; lastKnownFileType = sourcecode.swift; path = HomeViewModel.swift; sourceTree = "<group>"; };
		E5ED20D52B20062E00C5296D /* ResultView.swift */ = {isa = PBXFileReference; lastKnownFileType = sourcecode.swift; path = ResultView.swift; sourceTree = "<group>"; };
		E5FB57B82C47278C005AB15C /* TestHomeViewController.swift */ = {isa = PBXFileReference; lastKnownFileType = sourcecode.swift; path = TestHomeViewController.swift; sourceTree = "<group>"; };
		E5FB57BF2C473B79005AB15C /* TestResultViewController.swift */ = {isa = PBXFileReference; lastKnownFileType = sourcecode.swift; path = TestResultViewController.swift; sourceTree = "<group>"; };
		E5FB57C12C473C9D005AB15C /* DummyResultViewModel.swift */ = {isa = PBXFileReference; lastKnownFileType = sourcecode.swift; path = DummyResultViewModel.swift; sourceTree = "<group>"; };
/* End PBXFileReference section */

/* Begin PBXFrameworksBuildPhase section */
		4C38629D2A758819005C9C3B /* Frameworks */ = {
			isa = PBXFrameworksBuildPhase;
			buildActionMask = 2147483647;
			files = (
			);
			runOnlyForDeploymentPostprocessing = 0;
		};
		E57C1F162C361CA800E24C41 /* Frameworks */ = {
			isa = PBXFrameworksBuildPhase;
			buildActionMask = 2147483647;
			files = (
				E5FB57B32C472708005AB15C /* InlineSnapshotTesting in Frameworks */,
				E5FB57B52C472708005AB15C /* SnapshotTesting in Frameworks */,
			);
			runOnlyForDeploymentPostprocessing = 0;
		};
/* End PBXFrameworksBuildPhase section */

/* Begin PBXGroup section */
		4C33FF2C2A75A2560002E765 /* Utils */ = {
			isa = PBXGroup;
			children = (
				E55781402B25FEB700CAA623 /* Extension */,
			);
			path = Utils;
			sourceTree = "<group>";
		};
		4C33FF2F2A75A3810002E765 /* DesignSystem */ = {
			isa = PBXGroup;
			children = (
				4C33FF342A75A4550002E765 /* DS+Colors.swift */,
				4C33FF322A75A3F40002E765 /* DS.swift */,
			);
			path = DesignSystem;
			sourceTree = "<group>";
		};
		4C3862972A758819005C9C3B = {
			isa = PBXGroup;
			children = (
				4C33FF452A760A030002E765 /* Material */,
				4C3862A22A758819005C9C3B /* DevPoliChallenge */,
				E57C1F1A2C361CA800E24C41 /* DevPoliChallenge-HoleriteTests */,
				4C3862A12A758819005C9C3B /* Products */,
			);
			sourceTree = "<group>";
		};
		4C3862A12A758819005C9C3B /* Products */ = {
			isa = PBXGroup;
			children = (
				4C3862A02A758819005C9C3B /* DevPoliChallenge-Holerite.app */,
				E57C1F192C361CA800E24C41 /* DevPoliChallenge-HoleriteTests.xctest */,
			);
			name = Products;
			sourceTree = "<group>";
		};
		4C3862A22A758819005C9C3B /* DevPoliChallenge */ = {
			isa = PBXGroup;
			children = (
				E5D5CDE72C17BEE80065909A /* Core */,
				4C33FF2F2A75A3810002E765 /* DesignSystem */,
				4C33FF2C2A75A2560002E765 /* Utils */,
				4C3862B92A758A98005C9C3B /* Features */,
				4C3862B82A758A36005C9C3B /* Resources */,
				4C3862B72A758A2A005C9C3B /* App */,
			);
			path = DevPoliChallenge;
			sourceTree = "<group>";
		};
		4C3862B72A758A2A005C9C3B /* App */ = {
			isa = PBXGroup;
			children = (
				4C3862A32A758819005C9C3B /* AppDelegate.swift */,
				4C3862A52A758819005C9C3B /* SceneDelegate.swift */,
			);
			path = App;
			sourceTree = "<group>";
		};
		4C3862B82A758A36005C9C3B /* Resources */ = {
			isa = PBXGroup;
			children = (
				4C3862AE2A75881C005C9C3B /* LaunchScreen.storyboard */,
				4C3862AC2A75881C005C9C3B /* Assets.xcassets */,
				4C3862B12A75881C005C9C3B /* Info.plist */,
			);
			path = Resources;
			sourceTree = "<group>";
		};
		4C3862B92A758A98005C9C3B /* Features */ = {
			isa = PBXGroup;
			children = (
				E5D5CDE42C17BE250065909A /* Components */,
				E5C54A3A2B237F6000637016 /* Model */,
				E5C54A3F2B2559F400637016 /* ViewModel */,
				E5ED20D02B1EB37500C5296D /* View */,
			);
			path = Features;
			sourceTree = "<group>";
		};
		E55781402B25FEB700CAA623 /* Extension */ = {
			isa = PBXGroup;
			children = (
				E55781412B25FECB00CAA623 /* String+Attributed.swift */,
				E52F1B572C2E2F49008019AD /* String+Formatter.swift */,
				E52F1B5D2C34C016008019AD /* Label+Style.swift */,
				4C33FF2D2A75A2640002E765 /* UIColor+ext.swift */,
			);
			path = Extension;
			sourceTree = "<group>";
		};
		E57C1F1A2C361CA800E24C41 /* DevPoliChallenge-HoleriteTests */ = {
			isa = PBXGroup;
			children = (
				E57C1F232C36244D00E24C41 /* Models */,
				E57C1F222C36244600E24C41 /* Sources */,
			);
			path = "DevPoliChallenge-HoleriteTests";
			sourceTree = "<group>";
		};
		E57C1F222C36244600E24C41 /* Sources */ = {
			isa = PBXGroup;
			children = (
				E5FB57B62C472752005AB15C /* View */,
				E5DE6AC32C3B602200804EDF /* ViewModels */,
				E57C1F2A2C38D48B00E24C41 /* Core */,
				E57C1F252C38B7AF00E24C41 /* Models */,
				E57C1F242C3639DE00E24C41 /* Utils */,
			);
			path = Sources;
			sourceTree = "<group>";
		};
		E57C1F232C36244D00E24C41 /* Models */ = {
			isa = PBXGroup;
			children = (
				E5FB57BA2C472860005AB15C /* Scene */,
				E5DE6ADE2C3E004400804EDF /* Calculator */,
				E5DE6ACE2C3B648200804EDF /* Delegates */,
				E538FDE82C39A3BA00E7E4B8 /* StubTributeModel.swift */,
				E5DE6ADA2C3DF88100804EDF /* SpyHomeViewModel.swift */,
				E5FB57C12C473C9D005AB15C /* DummyResultViewModel.swift */,
			);
			path = Models;
			sourceTree = "<group>";
		};
		E57C1F242C3639DE00E24C41 /* Utils */ = {
			isa = PBXGroup;
			children = (
				E57C1F1B2C361CA800E24C41 /* StringFormatterTests.swift */,
			);
			path = Utils;
			sourceTree = "<group>";
		};
		E57C1F252C38B7AF00E24C41 /* Models */ = {
			isa = PBXGroup;
			children = (
				E57C1F262C38B7D500E24C41 /* TestINSSModel.swift */,
				E57C1F282C38CA4600E24C41 /* TestIRRFModel.swift */,
			);
			path = Models;
			sourceTree = "<group>";
		};
		E57C1F2A2C38D48B00E24C41 /* Core */ = {
			isa = PBXGroup;
			children = (
				E538FDEC2C39A63300E7E4B8 /* TestCalculator.swift */,
			);
			path = Core;
			sourceTree = "<group>";
		};
		E59376612C22376E0037894B /* Home */ = {
			isa = PBXGroup;
			children = (
				E5ED20D32B1EB57100C5296D /* HomeViewModel.swift */,
			);
			path = Home;
			sourceTree = "<group>";
		};
		E59376622C2237790037894B /* Result */ = {
			isa = PBXGroup;
			children = (
				E59376632C22378B0037894B /* ResultViewModel.swift */,
			);
			path = Result;
			sourceTree = "<group>";
		};
		E5C54A3A2B237F6000637016 /* Model */ = {
			isa = PBXGroup;
			children = (
				E5D277102C1CFD3B00F9FB47 /* Protocols */,
				E5D277062C1CF90B00F9FB47 /* INSSModel.swift */,
				E5D277082C1CF95F00F9FB47 /* IRRFModel.swift */,
				E52F1B5B2C321BB2008019AD /* ResultModel .swift */,
			);
			path = Model;
			sourceTree = "<group>";
		};
		E5C54A3F2B2559F400637016 /* ViewModel */ = {
			isa = PBXGroup;
			children = (
				E59376622C2237790037894B /* Result */,
				E59376612C22376E0037894B /* Home */,
			);
			path = ViewModel;
			sourceTree = "<group>";
		};
		E5D2770A2C1CFA4600F9FB47 /* Calculator */ = {
			isa = PBXGroup;
			children = (
				E52F1B592C307AF4008019AD /* Calculator.swift */,
			);
			path = Calculator;
			sourceTree = "<group>";
		};
		E5D277102C1CFD3B00F9FB47 /* Protocols */ = {
			isa = PBXGroup;
			children = (
				E5D277112C1CFD6700F9FB47 /* Tribute.swift */,
			);
			path = Protocols;
			sourceTree = "<group>";
		};
		E5D5CDE42C17BE250065909A /* Components */ = {
			isa = PBXGroup;
			children = (
				E5D5CDE52C17BE560065909A /* CustomTextField.swift */,
			);
			path = Components;
			sourceTree = "<group>";
		};
		E5D5CDE72C17BEE80065909A /* Core */ = {
			isa = PBXGroup;
			children = (
				E5D2770A2C1CFA4600F9FB47 /* Calculator */,
				E5D5CDE82C17BEF00065909A /* ViewConfig */,
			);
			path = Core;
			sourceTree = "<group>";
		};
		E5D5CDE82C17BEF00065909A /* ViewConfig */ = {
			isa = PBXGroup;
			children = (
				E5D5CDE92C17BF0D0065909A /* ViewConfig.swift */,
			);
			path = ViewConfig;
			sourceTree = "<group>";
		};
		E5DE6AC32C3B602200804EDF /* ViewModels */ = {
			isa = PBXGroup;
			children = (
				E5DE6AD12C3CC49300804EDF /* HomeViewModel */,
				E5DE6ACD2C3B646500804EDF /* ResultViewModel */,
			);
			path = ViewModels;
			sourceTree = "<group>";
		};
		E5DE6ACD2C3B646500804EDF /* ResultViewModel */ = {
			isa = PBXGroup;
			children = (
				E5DE6AC42C3B603E00804EDF /* TestResultViewModel.swift */,
			);
			path = ResultViewModel;
			sourceTree = "<group>";
		};
		E5DE6ACE2C3B648200804EDF /* Delegates */ = {
			isa = PBXGroup;
			children = (
				E5DE6ACF2C3B649B00804EDF /* SpyResultViewModelDelegate.swift */,
				E5DE6ADC2C3DFDEE00804EDF /* SpyHomeViewModelDelegate.swift */,
			);
			path = Delegates;
			sourceTree = "<group>";
		};
		E5DE6AD12C3CC49300804EDF /* HomeViewModel */ = {
			isa = PBXGroup;
			children = (
				E5DE6AD22C3CC4A700804EDF /* TestHomeViewModel.swift */,
			);
			path = HomeViewModel;
			sourceTree = "<group>";
		};
		E5DE6ADE2C3E004400804EDF /* Calculator */ = {
			isa = PBXGroup;
			children = (
				E5DE6AD42C3CC53700804EDF /* DummyCalculator.swift */,
				E5DE6ADF2C3E006000804EDF /* SpyCalculator.swift */,
			);
			path = Calculator;
			sourceTree = "<group>";
		};
		E5ED20D02B1EB37500C5296D /* View */ = {
			isa = PBXGroup;
			children = (
				E5ED20D22B1EB39500C5296D /* Result */,
				E5ED20D12B1EB38900C5296D /* Home */,
			);
			path = View;
			sourceTree = "<group>";
		};
		E5ED20D12B1EB38900C5296D /* Home */ = {
			isa = PBXGroup;
			children = (
				E5ED20CC2B1E821A00C5296D /* HomeView.swift */,
				4C3862A72A758819005C9C3B /* HomeViewController.swift */,
			);
			path = Home;
			sourceTree = "<group>";
		};
		E5ED20D22B1EB39500C5296D /* Result */ = {
			isa = PBXGroup;
			children = (
				E5ED20CE2B1EB17E00C5296D /* ResultViewController.swift */,
				E5ED20D52B20062E00C5296D /* ResultView.swift */,
				E5BB92FC2C1F0FE9009D3C54 /* ContainerResultView.swift */,
			);
			path = Result;
			sourceTree = "<group>";
		};
		E5FB57B62C472752005AB15C /* View */ = {
			isa = PBXGroup;
			children = (
				E5FB57BE2C473B5E005AB15C /* Result */,
				E5FB57B72C472769005AB15C /* Home */,
			);
			path = View;
			sourceTree = "<group>";
		};
		E5FB57B72C472769005AB15C /* Home */ = {
			isa = PBXGroup;
			children = (
				E5FB57B82C47278C005AB15C /* TestHomeViewController.swift */,
			);
			path = Home;
			sourceTree = "<group>";
		};
		E5FB57BA2C472860005AB15C /* Scene */ = {
			isa = PBXGroup;
			children = (
			);
			path = Scene;
			sourceTree = "<group>";
		};
		E5FB57BE2C473B5E005AB15C /* Result */ = {
			isa = PBXGroup;
			children = (
				E5FB57BF2C473B79005AB15C /* TestResultViewController.swift */,
			);
			path = Result;
			sourceTree = "<group>";
		};
/* End PBXGroup section */

/* Begin PBXNativeTarget section */
		4C38629F2A758819005C9C3B /* DevPoliChallenge-Holerite */ = {
			isa = PBXNativeTarget;
			buildConfigurationList = 4C3862B42A75881C005C9C3B /* Build configuration list for PBXNativeTarget "DevPoliChallenge-Holerite" */;
			buildPhases = (
				4C38629C2A758819005C9C3B /* Sources */,
				4C38629D2A758819005C9C3B /* Frameworks */,
				4C38629E2A758819005C9C3B /* Resources */,
			);
			buildRules = (
			);
			dependencies = (
			);
			name = "DevPoliChallenge-Holerite";
			productName = DevPoliChallenge;
			productReference = 4C3862A02A758819005C9C3B /* DevPoliChallenge-Holerite.app */;
			productType = "com.apple.product-type.application";
		};
		E57C1F182C361CA800E24C41 /* DevPoliChallenge-HoleriteTests */ = {
			isa = PBXNativeTarget;
			buildConfigurationList = E57C1F212C361CA800E24C41 /* Build configuration list for PBXNativeTarget "DevPoliChallenge-HoleriteTests" */;
			buildPhases = (
				E57C1F152C361CA800E24C41 /* Sources */,
				E57C1F162C361CA800E24C41 /* Frameworks */,
				E57C1F172C361CA800E24C41 /* Resources */,
			);
			buildRules = (
			);
			dependencies = (
				E57C1F1E2C361CA800E24C41 /* PBXTargetDependency */,
			);
			name = "DevPoliChallenge-HoleriteTests";
			packageProductDependencies = (
				E5FB57B22C472708005AB15C /* InlineSnapshotTesting */,
				E5FB57B42C472708005AB15C /* SnapshotTesting */,
			);
			productName = "DevPoliChallenge-HoleriteTests";
			productReference = E57C1F192C361CA800E24C41 /* DevPoliChallenge-HoleriteTests.xctest */;
			productType = "com.apple.product-type.bundle.unit-test";
		};
/* End PBXNativeTarget section */

/* Begin PBXProject section */
		4C3862982A758819005C9C3B /* Project object */ = {
			isa = PBXProject;
			attributes = {
				BuildIndependentTargetsInParallel = 1;
				LastSwiftUpdateCheck = 1520;
				LastUpgradeCheck = 1430;
				ORGANIZATIONNAME = DevPoli;
				TargetAttributes = {
					4C38629F2A758819005C9C3B = {
						CreatedOnToolsVersion = 14.3.1;
					};
					E57C1F182C361CA800E24C41 = {
						CreatedOnToolsVersion = 15.2;
						TestTargetID = 4C38629F2A758819005C9C3B;
					};
				};
			};
			buildConfigurationList = 4C38629B2A758819005C9C3B /* Build configuration list for PBXProject "DevPoliChallenge-Holerite" */;
			compatibilityVersion = "Xcode 14.0";
			developmentRegion = en;
			hasScannedForEncodings = 0;
			knownRegions = (
				en,
				Base,
			);
			mainGroup = 4C3862972A758819005C9C3B;
			packageReferences = (
				E5FB57B12C472708005AB15C /* XCRemoteSwiftPackageReference "swift-snapshot-testing" */,
			);
			productRefGroup = 4C3862A12A758819005C9C3B /* Products */;
			projectDirPath = "";
			projectRoot = "";
			targets = (
				4C38629F2A758819005C9C3B /* DevPoliChallenge-Holerite */,
				E57C1F182C361CA800E24C41 /* DevPoliChallenge-HoleriteTests */,
			);
		};
/* End PBXProject section */

/* Begin PBXResourcesBuildPhase section */
		4C38629E2A758819005C9C3B /* Resources */ = {
			isa = PBXResourcesBuildPhase;
			buildActionMask = 2147483647;
			files = (
				4C3862B02A75881C005C9C3B /* LaunchScreen.storyboard in Resources */,
				4C3862AD2A75881C005C9C3B /* Assets.xcassets in Resources */,
			);
			runOnlyForDeploymentPostprocessing = 0;
		};
		E57C1F172C361CA800E24C41 /* Resources */ = {
			isa = PBXResourcesBuildPhase;
			buildActionMask = 2147483647;
			files = (
			);
			runOnlyForDeploymentPostprocessing = 0;
		};
/* End PBXResourcesBuildPhase section */

/* Begin PBXSourcesBuildPhase section */
		4C38629C2A758819005C9C3B /* Sources */ = {
			isa = PBXSourcesBuildPhase;
			buildActionMask = 2147483647;
			files = (
				E5ED20CF2B1EB17E00C5296D /* ResultViewController.swift in Sources */,
				E5ED20D42B1EB57100C5296D /* HomeViewModel.swift in Sources */,
				4C3862A82A758819005C9C3B /* HomeViewController.swift in Sources */,
				E5ED20CD2B1E821A00C5296D /* HomeView.swift in Sources */,
				E55781422B25FECB00CAA623 /* String+Attributed.swift in Sources */,
				4C33FF352A75A4550002E765 /* DS+Colors.swift in Sources */,
				E52F1B582C2E2F49008019AD /* String+Formatter.swift in Sources */,
				E5D5CDE62C17BE560065909A /* CustomTextField.swift in Sources */,
				4C33FF332A75A3F40002E765 /* DS.swift in Sources */,
				E52F1B5A2C307AF4008019AD /* Calculator.swift in Sources */,
				E5D277122C1CFD6700F9FB47 /* Tribute.swift in Sources */,
				E5D277072C1CF90B00F9FB47 /* INSSModel.swift in Sources */,
				E5D277092C1CF95F00F9FB47 /* IRRFModel.swift in Sources */,
				E5BB92FD2C1F0FE9009D3C54 /* ContainerResultView.swift in Sources */,
				4C33FF2E2A75A2640002E765 /* UIColor+ext.swift in Sources */,
				E5ED20D62B20062E00C5296D /* ResultView.swift in Sources */,
				E52F1B5E2C34C016008019AD /* Label+Style.swift in Sources */,
				E59376642C22378B0037894B /* ResultViewModel.swift in Sources */,
				E5D5CDEA2C17BF0D0065909A /* ViewConfig.swift in Sources */,
				E52F1B5C2C321BB2008019AD /* ResultModel .swift in Sources */,
				4C3862A42A758819005C9C3B /* AppDelegate.swift in Sources */,
				4C3862A62A758819005C9C3B /* SceneDelegate.swift in Sources */,
			);
			runOnlyForDeploymentPostprocessing = 0;
		};
		E57C1F152C361CA800E24C41 /* Sources */ = {
			isa = PBXSourcesBuildPhase;
			buildActionMask = 2147483647;
			files = (
				E5DE6ADD2C3DFDEE00804EDF /* SpyHomeViewModelDelegate.swift in Sources */,
				E57C1F272C38B7D500E24C41 /* TestINSSModel.swift in Sources */,
				E5DE6AD02C3B649B00804EDF /* SpyResultViewModelDelegate.swift in Sources */,
				E5FB57C02C473B79005AB15C /* TestResultViewController.swift in Sources */,
				E5FB57C22C473C9D005AB15C /* DummyResultViewModel.swift in Sources */,
				E57C1F1C2C361CA800E24C41 /* StringFormatterTests.swift in Sources */,
				E538FDE92C39A3BA00E7E4B8 /* StubTributeModel.swift in Sources */,
				E57C1F292C38CA4600E24C41 /* TestIRRFModel.swift in Sources */,
				E5DE6AD52C3CC53700804EDF /* DummyCalculator.swift in Sources */,
				E5FB57B92C47278C005AB15C /* TestHomeViewController.swift in Sources */,
				E5DE6AC52C3B603E00804EDF /* TestResultViewModel.swift in Sources */,
				E5DE6AE02C3E006000804EDF /* SpyCalculator.swift in Sources */,
				E538FDED2C39A63300E7E4B8 /* TestCalculator.swift in Sources */,
				E5DE6ADB2C3DF88100804EDF /* SpyHomeViewModel.swift in Sources */,
				E5DE6AD32C3CC4A700804EDF /* TestHomeViewModel.swift in Sources */,
			);
			runOnlyForDeploymentPostprocessing = 0;
		};
/* End PBXSourcesBuildPhase section */

/* Begin PBXTargetDependency section */
		E57C1F1E2C361CA800E24C41 /* PBXTargetDependency */ = {
			isa = PBXTargetDependency;
			target = 4C38629F2A758819005C9C3B /* DevPoliChallenge-Holerite */;
			targetProxy = E57C1F1D2C361CA800E24C41 /* PBXContainerItemProxy */;
		};
/* End PBXTargetDependency section */

/* Begin PBXVariantGroup section */
		4C3862AE2A75881C005C9C3B /* LaunchScreen.storyboard */ = {
			isa = PBXVariantGroup;
			children = (
				4C3862AF2A75881C005C9C3B /* Base */,
			);
			name = LaunchScreen.storyboard;
			sourceTree = "<group>";
		};
/* End PBXVariantGroup section */

/* Begin XCBuildConfiguration section */
		4C3862B22A75881C005C9C3B /* Debug */ = {
			isa = XCBuildConfiguration;
			buildSettings = {
				ALWAYS_SEARCH_USER_PATHS = NO;
				CLANG_ANALYZER_NONNULL = YES;
				CLANG_ANALYZER_NUMBER_OBJECT_CONVERSION = YES_AGGRESSIVE;
				CLANG_CXX_LANGUAGE_STANDARD = "gnu++20";
				CLANG_ENABLE_MODULES = YES;
				CLANG_ENABLE_OBJC_ARC = YES;
				CLANG_ENABLE_OBJC_WEAK = YES;
				CLANG_WARN_BLOCK_CAPTURE_AUTORELEASING = YES;
				CLANG_WARN_BOOL_CONVERSION = YES;
				CLANG_WARN_COMMA = YES;
				CLANG_WARN_CONSTANT_CONVERSION = YES;
				CLANG_WARN_DEPRECATED_OBJC_IMPLEMENTATIONS = YES;
				CLANG_WARN_DIRECT_OBJC_ISA_USAGE = YES_ERROR;
				CLANG_WARN_DOCUMENTATION_COMMENTS = YES;
				CLANG_WARN_EMPTY_BODY = YES;
				CLANG_WARN_ENUM_CONVERSION = YES;
				CLANG_WARN_INFINITE_RECURSION = YES;
				CLANG_WARN_INT_CONVERSION = YES;
				CLANG_WARN_NON_LITERAL_NULL_CONVERSION = YES;
				CLANG_WARN_OBJC_IMPLICIT_RETAIN_SELF = YES;
				CLANG_WARN_OBJC_LITERAL_CONVERSION = YES;
				CLANG_WARN_OBJC_ROOT_CLASS = YES_ERROR;
				CLANG_WARN_QUOTED_INCLUDE_IN_FRAMEWORK_HEADER = YES;
				CLANG_WARN_RANGE_LOOP_ANALYSIS = YES;
				CLANG_WARN_STRICT_PROTOTYPES = YES;
				CLANG_WARN_SUSPICIOUS_MOVE = YES;
				CLANG_WARN_UNGUARDED_AVAILABILITY = YES_AGGRESSIVE;
				CLANG_WARN_UNREACHABLE_CODE = YES;
				CLANG_WARN__DUPLICATE_METHOD_MATCH = YES;
				COPY_PHASE_STRIP = NO;
				DEBUG_INFORMATION_FORMAT = dwarf;
				ENABLE_STRICT_OBJC_MSGSEND = YES;
				ENABLE_TESTABILITY = YES;
				GCC_C_LANGUAGE_STANDARD = gnu11;
				GCC_DYNAMIC_NO_PIC = NO;
				GCC_NO_COMMON_BLOCKS = YES;
				GCC_OPTIMIZATION_LEVEL = 0;
				GCC_PREPROCESSOR_DEFINITIONS = (
					"DEBUG=1",
					"$(inherited)",
				);
				GCC_WARN_64_TO_32_BIT_CONVERSION = YES;
				GCC_WARN_ABOUT_RETURN_TYPE = YES_ERROR;
				GCC_WARN_UNDECLARED_SELECTOR = YES;
				GCC_WARN_UNINITIALIZED_AUTOS = YES_AGGRESSIVE;
				GCC_WARN_UNUSED_FUNCTION = YES;
				GCC_WARN_UNUSED_VARIABLE = YES;
				IPHONEOS_DEPLOYMENT_TARGET = 16.4;
				MTL_ENABLE_DEBUG_INFO = INCLUDE_SOURCE;
				MTL_FAST_MATH = YES;
				ONLY_ACTIVE_ARCH = YES;
				SDKROOT = iphoneos;
				SWIFT_ACTIVE_COMPILATION_CONDITIONS = DEBUG;
				SWIFT_OPTIMIZATION_LEVEL = "-Onone";
			};
			name = Debug;
		};
		4C3862B32A75881C005C9C3B /* Release */ = {
			isa = XCBuildConfiguration;
			buildSettings = {
				ALWAYS_SEARCH_USER_PATHS = NO;
				CLANG_ANALYZER_NONNULL = YES;
				CLANG_ANALYZER_NUMBER_OBJECT_CONVERSION = YES_AGGRESSIVE;
				CLANG_CXX_LANGUAGE_STANDARD = "gnu++20";
				CLANG_ENABLE_MODULES = YES;
				CLANG_ENABLE_OBJC_ARC = YES;
				CLANG_ENABLE_OBJC_WEAK = YES;
				CLANG_WARN_BLOCK_CAPTURE_AUTORELEASING = YES;
				CLANG_WARN_BOOL_CONVERSION = YES;
				CLANG_WARN_COMMA = YES;
				CLANG_WARN_CONSTANT_CONVERSION = YES;
				CLANG_WARN_DEPRECATED_OBJC_IMPLEMENTATIONS = YES;
				CLANG_WARN_DIRECT_OBJC_ISA_USAGE = YES_ERROR;
				CLANG_WARN_DOCUMENTATION_COMMENTS = YES;
				CLANG_WARN_EMPTY_BODY = YES;
				CLANG_WARN_ENUM_CONVERSION = YES;
				CLANG_WARN_INFINITE_RECURSION = YES;
				CLANG_WARN_INT_CONVERSION = YES;
				CLANG_WARN_NON_LITERAL_NULL_CONVERSION = YES;
				CLANG_WARN_OBJC_IMPLICIT_RETAIN_SELF = YES;
				CLANG_WARN_OBJC_LITERAL_CONVERSION = YES;
				CLANG_WARN_OBJC_ROOT_CLASS = YES_ERROR;
				CLANG_WARN_QUOTED_INCLUDE_IN_FRAMEWORK_HEADER = YES;
				CLANG_WARN_RANGE_LOOP_ANALYSIS = YES;
				CLANG_WARN_STRICT_PROTOTYPES = YES;
				CLANG_WARN_SUSPICIOUS_MOVE = YES;
				CLANG_WARN_UNGUARDED_AVAILABILITY = YES_AGGRESSIVE;
				CLANG_WARN_UNREACHABLE_CODE = YES;
				CLANG_WARN__DUPLICATE_METHOD_MATCH = YES;
				COPY_PHASE_STRIP = NO;
				DEBUG_INFORMATION_FORMAT = "dwarf-with-dsym";
				ENABLE_NS_ASSERTIONS = NO;
				ENABLE_STRICT_OBJC_MSGSEND = YES;
				GCC_C_LANGUAGE_STANDARD = gnu11;
				GCC_NO_COMMON_BLOCKS = YES;
				GCC_WARN_64_TO_32_BIT_CONVERSION = YES;
				GCC_WARN_ABOUT_RETURN_TYPE = YES_ERROR;
				GCC_WARN_UNDECLARED_SELECTOR = YES;
				GCC_WARN_UNINITIALIZED_AUTOS = YES_AGGRESSIVE;
				GCC_WARN_UNUSED_FUNCTION = YES;
				GCC_WARN_UNUSED_VARIABLE = YES;
				IPHONEOS_DEPLOYMENT_TARGET = 16.4;
				MTL_ENABLE_DEBUG_INFO = NO;
				MTL_FAST_MATH = YES;
				SDKROOT = iphoneos;
				SWIFT_COMPILATION_MODE = wholemodule;
				SWIFT_OPTIMIZATION_LEVEL = "-O";
				VALIDATE_PRODUCT = YES;
			};
			name = Release;
		};
		4C3862B52A75881C005C9C3B /* Debug */ = {
			isa = XCBuildConfiguration;
			buildSettings = {
				ASSETCATALOG_COMPILER_APPICON_NAME = AppIcon;
				ASSETCATALOG_COMPILER_GLOBAL_ACCENT_COLOR_NAME = AccentColor;
				ASSETCATALOG_COMPILER_INCLUDE_ALL_APPICON_ASSETS = YES;
				CODE_SIGN_STYLE = Automatic;
				CURRENT_PROJECT_VERSION = 2023;
				GENERATE_INFOPLIST_FILE = YES;
				INFOPLIST_FILE = DevPoliChallenge/Resources/Info.plist;
				INFOPLIST_KEY_CFBundleDisplayName = "DevPoli Challenge";
				INFOPLIST_KEY_LSApplicationCategoryType = "public.app-category.education";
				INFOPLIST_KEY_UIApplicationSupportsIndirectInputEvents = YES;
				INFOPLIST_KEY_UILaunchStoryboardName = LaunchScreen.storyboard;
				INFOPLIST_KEY_UIMainStoryboardFile = "";
				INFOPLIST_KEY_UISupportedInterfaceOrientations = UIInterfaceOrientationPortrait;
				INFOPLIST_KEY_UISupportedInterfaceOrientations_iPad = "UIInterfaceOrientationPortrait UIInterfaceOrientationPortraitUpsideDown";
				IPHONEOS_DEPLOYMENT_TARGET = 14.0;
				LD_RUNPATH_SEARCH_PATHS = (
					"$(inherited)",
					"@executable_path/Frameworks",
				);
				MARKETING_VERSION = 1.0.0;
				PRODUCT_BUNDLE_IDENTIFIER = com.devpoli.DevPoliChallenge;
				PRODUCT_NAME = "$(TARGET_NAME)";
				SWIFT_EMIT_LOC_STRINGS = YES;
				SWIFT_VERSION = 5.0;
				TARGETED_DEVICE_FAMILY = "1,2";
			};
			name = Debug;
		};
		4C3862B62A75881C005C9C3B /* Release */ = {
			isa = XCBuildConfiguration;
			buildSettings = {
				ASSETCATALOG_COMPILER_APPICON_NAME = AppIcon;
				ASSETCATALOG_COMPILER_GLOBAL_ACCENT_COLOR_NAME = AccentColor;
				ASSETCATALOG_COMPILER_INCLUDE_ALL_APPICON_ASSETS = YES;
				CODE_SIGN_STYLE = Automatic;
				CURRENT_PROJECT_VERSION = 2023;
				GENERATE_INFOPLIST_FILE = YES;
				INFOPLIST_FILE = DevPoliChallenge/Resources/Info.plist;
				INFOPLIST_KEY_CFBundleDisplayName = "DevPoli Challenge";
				INFOPLIST_KEY_LSApplicationCategoryType = "public.app-category.education";
				INFOPLIST_KEY_UIApplicationSupportsIndirectInputEvents = YES;
				INFOPLIST_KEY_UILaunchStoryboardName = LaunchScreen.storyboard;
				INFOPLIST_KEY_UIMainStoryboardFile = "";
				INFOPLIST_KEY_UISupportedInterfaceOrientations = UIInterfaceOrientationPortrait;
				INFOPLIST_KEY_UISupportedInterfaceOrientations_iPad = "UIInterfaceOrientationPortrait UIInterfaceOrientationPortraitUpsideDown";
				IPHONEOS_DEPLOYMENT_TARGET = 14.0;
				LD_RUNPATH_SEARCH_PATHS = (
					"$(inherited)",
					"@executable_path/Frameworks",
				);
				MARKETING_VERSION = 1.0.0;
				PRODUCT_BUNDLE_IDENTIFIER = com.devpoli.DevPoliChallenge;
				PRODUCT_NAME = "$(TARGET_NAME)";
				SWIFT_EMIT_LOC_STRINGS = YES;
				SWIFT_VERSION = 5.0;
				TARGETED_DEVICE_FAMILY = "1,2";
			};
			name = Release;
		};
		E57C1F1F2C361CA800E24C41 /* Debug */ = {
			isa = XCBuildConfiguration;
			buildSettings = {
				ASSETCATALOG_COMPILER_GENERATE_SWIFT_ASSET_SYMBOL_EXTENSIONS = YES;
				BUNDLE_LOADER = "$(TEST_HOST)";
				CODE_SIGN_STYLE = Automatic;
				CURRENT_PROJECT_VERSION = 1;
				ENABLE_USER_SCRIPT_SANDBOXING = YES;
				GCC_C_LANGUAGE_STANDARD = gnu17;
				GENERATE_INFOPLIST_FILE = YES;
				IPHONEOS_DEPLOYMENT_TARGET = 17.2;
				LOCALIZATION_PREFERS_STRING_CATALOGS = YES;
				MARKETING_VERSION = 1.0;
				PRODUCT_BUNDLE_IDENTIFIER = "mateusdiast.DevPoliChallenge-HoleriteTests";
				PRODUCT_NAME = "$(TARGET_NAME)";
				SWIFT_ACTIVE_COMPILATION_CONDITIONS = "DEBUG $(inherited)";
				SWIFT_EMIT_LOC_STRINGS = NO;
				SWIFT_VERSION = 5.0;
				TARGETED_DEVICE_FAMILY = "1,2";
				TEST_HOST = "$(BUILT_PRODUCTS_DIR)/DevPoliChallenge-Holerite.app/$(BUNDLE_EXECUTABLE_FOLDER_PATH)/DevPoliChallenge-Holerite";
			};
			name = Debug;
		};
		E57C1F202C361CA800E24C41 /* Release */ = {
			isa = XCBuildConfiguration;
			buildSettings = {
				ASSETCATALOG_COMPILER_GENERATE_SWIFT_ASSET_SYMBOL_EXTENSIONS = YES;
				BUNDLE_LOADER = "$(TEST_HOST)";
				CODE_SIGN_STYLE = Automatic;
				CURRENT_PROJECT_VERSION = 1;
				ENABLE_USER_SCRIPT_SANDBOXING = YES;
				GCC_C_LANGUAGE_STANDARD = gnu17;
				GENERATE_INFOPLIST_FILE = YES;
				IPHONEOS_DEPLOYMENT_TARGET = 17.2;
				LOCALIZATION_PREFERS_STRING_CATALOGS = YES;
				MARKETING_VERSION = 1.0;
				PRODUCT_BUNDLE_IDENTIFIER = "mateusdiast.DevPoliChallenge-HoleriteTests";
				PRODUCT_NAME = "$(TARGET_NAME)";
				SWIFT_EMIT_LOC_STRINGS = NO;
				SWIFT_VERSION = 5.0;
				TARGETED_DEVICE_FAMILY = "1,2";
				TEST_HOST = "$(BUILT_PRODUCTS_DIR)/DevPoliChallenge-Holerite.app/$(BUNDLE_EXECUTABLE_FOLDER_PATH)/DevPoliChallenge-Holerite";
			};
			name = Release;
		};
/* End XCBuildConfiguration section */

/* Begin XCConfigurationList section */
		4C38629B2A758819005C9C3B /* Build configuration list for PBXProject "DevPoliChallenge-Holerite" */ = {
			isa = XCConfigurationList;
			buildConfigurations = (
				4C3862B22A75881C005C9C3B /* Debug */,
				4C3862B32A75881C005C9C3B /* Release */,
			);
			defaultConfigurationIsVisible = 0;
			defaultConfigurationName = Release;
		};
		4C3862B42A75881C005C9C3B /* Build configuration list for PBXNativeTarget "DevPoliChallenge-Holerite" */ = {
			isa = XCConfigurationList;
			buildConfigurations = (
				4C3862B52A75881C005C9C3B /* Debug */,
				4C3862B62A75881C005C9C3B /* Release */,
			);
			defaultConfigurationIsVisible = 0;
			defaultConfigurationName = Release;
		};
		E57C1F212C361CA800E24C41 /* Build configuration list for PBXNativeTarget "DevPoliChallenge-HoleriteTests" */ = {
			isa = XCConfigurationList;
			buildConfigurations = (
				E57C1F1F2C361CA800E24C41 /* Debug */,
				E57C1F202C361CA800E24C41 /* Release */,
			);
			defaultConfigurationIsVisible = 0;
			defaultConfigurationName = Release;
		};
/* End XCConfigurationList section */

/* Begin XCRemoteSwiftPackageReference section */
		E5FB57B12C472708005AB15C /* XCRemoteSwiftPackageReference "swift-snapshot-testing" */ = {
			isa = XCRemoteSwiftPackageReference;
			repositoryURL = "https://github.com/pointfreeco/swift-snapshot-testing";
			requirement = {
				kind = upToNextMajorVersion;
				minimumVersion = 1.17.2;
			};
		};
/* End XCRemoteSwiftPackageReference section */

/* Begin XCSwiftPackageProductDependency section */
		E5FB57B22C472708005AB15C /* InlineSnapshotTesting */ = {
			isa = XCSwiftPackageProductDependency;
			package = E5FB57B12C472708005AB15C /* XCRemoteSwiftPackageReference "swift-snapshot-testing" */;
			productName = InlineSnapshotTesting;
		};
		E5FB57B42C472708005AB15C /* SnapshotTesting */ = {
			isa = XCSwiftPackageProductDependency;
			package = E5FB57B12C472708005AB15C /* XCRemoteSwiftPackageReference "swift-snapshot-testing" */;
			productName = SnapshotTesting;
		};
/* End XCSwiftPackageProductDependency section */
	};
	rootObject = 4C3862982A758819005C9C3B /* Project object */;
}
